{
  "name": "week-14",
  "version": "1.0.0",
  "lockfileVersion": 3,
  "requires": true,
  "packages": {
    "": {
      "name": "week-14",
      "version": "1.0.0",
      "license": "ISC",
      "dependencies": {
        "@trpc/client": "^11.0.0-rc.373",
        "@trpc/server": "^11.0.0-rc.373",
        "zod": "^3.23.8"
      }
    },
    "node_modules/@trpc/client": {
      "version": "11.0.0-rc.373",
      "resolved": "https://registry.npmjs.org/@trpc/client/-/client-11.0.0-rc.373.tgz",
      "integrity": "sha512-DSKOFjpQycJjwLrJWCpMqfwuFCP99QUPBZBeCb94WTvZUb6wGzOZWQMdIj7EnsR9jgWHlPll1e0s7OgAWxBKqw==",
      "funding": [
        "https://trpc.io/sponsor"
      ],
      "peerDependencies": {
        "@trpc/server": "11.0.0-rc.373+db2ec5cae"
      }
    },
    "node_modules/@trpc/server": {
      "version": "11.0.0-rc.373",
      "resolved": "https://registry.npmjs.org/@trpc/server/-/server-11.0.0-rc.373.tgz",
      "integrity": "sha512-i5q1KkQ0fuHqYbEPWMfk2rTp31wde8RKo0jxWfwZU8YsnjaErZ8lFnGCxz252l7mMCqT70IKR6c/N5MEXqChDA==",
      "funding": [
        "https://trpc.io/sponsor"
      ]
    },
    "node_modules/zod": {
      "version": "3.23.8",
      "resolved": "https://registry.npmjs.org/zod/-/zod-3.23.8.tgz",
      "integrity": "sha512-XBx9AXhXktjUqnepgTiE5flcKIYWi/rme0Eaj+5Y0lftuGBq+jyRu/md4WnuxqgP1ubdpNCsYEYPxrzVHD8d6g==",
      "funding": {
        "url": "https://github.com/sponsors/colinhacks"
      }
    }
  }
}
